
Microsoft Visual Studio Solution File, Format Version 12.00
# Visual Studio Version 17
VisualStudioVersion = 17.6.33717.318
MinimumVisualStudioVersion = 10.0.40219.1
Project("{FAE04EC0-301F-11D3-BF4B-00C04F79EFBC}") = "Tarea1.Android", "Tarea1.Android\Tarea1.Android.csproj", "{2F5AB1BA-5D72-41DD-91F2-19CA452BB3ED}"
EndProject
Project("{FAE04EC0-301F-11D3-BF4B-00C04F79EFBC}") = "Tarea1", "Tarea1\Tarea1.csproj", "{82405055-A71E-45DB-A05D-C36DE993204D}"
EndProject
Global
	GlobalSection(SolutionConfigurationPlatforms) = preSolution
		Debug|Any CPU = Debug|Any CPU
		Release|Any CPU = Release|Any CPU
	EndGlobalSection
	GlobalSection(ProjectConfigurationPlatforms) = postSolution
		{2F5AB1BA-5D72-41DD-91F2-19CA452BB3ED}.Debug|Any CPU.ActiveCfg = Debug|Any CPU
		{2F5AB1BA-5D72-41DD-91F2-19CA452BB3ED}.Debug|Any CPU.Build.0 = Debug|Any CPU
		{2F5AB1BA-5D72-41DD-91F2-19CA452BB3ED}.Debug|Any CPU.Deploy.0 = Debug|Any CPU
		{2F5AB1BA-5D72-41DD-91F2-19CA452BB3ED}.Release|Any CPU.ActiveCfg = Release|Any CPU
		{2F5AB1BA-5D72-41DD-91F2-19CA452BB3ED}.Release|Any CPU.Build.0 = Release|Any CPU
		{2F5AB1BA-5D72-41DD-91F2-19CA452BB3ED}.Release|Any CPU.Deploy.0 = Release|Any CPU
		{82405055-A71E-45DB-A05D-C36DE993204D}.Debug|Any CPU.ActiveCfg = Debug|Any CPU
		{82405055-A71E-45DB-A05D-C36DE993204D}.Debug|Any CPU.Build.0 = Debug|Any CPU
		{82405055-A71E-45DB-A05D-C36DE993204D}.Debug|Any CPU.Deploy.0 = Debug|Any CPU
		{82405055-A71E-45DB-A05D-C36DE993204D}.Release|Any CPU.ActiveCfg = Release|Any CPU
		{82405055-A71E-45DB-A05D-C36DE993204D}.Release|Any CPU.Build.0 = Release|Any CPU
		{82405055-A71E-45DB-A05D-C36DE993204D}.Release|Any CPU.Deploy.0 = Release|Any CPU
	EndGlobalSection
	GlobalSection(SolutionProperties) = preSolution
		HideSolutionNode = FALSE
	EndGlobalSection
	GlobalSection(ExtensibilityGlobals) = postSolution
		SolutionGuid = {6BBB0B34-7F32-4BF7-8766-B617F88B6A4C}
	EndGlobalSection
EndGlobal
